// !$*UTF8*$!
{
	archiveVersion = 1;
	classes = {
	};
	objectVersion = 48;
	objects = {

/* Begin PBXBuildFile section */
		98003FDF2045B2C200FD9F25 /* CoreSpotlight.framework in Frameworks */ = {isa = PBXBuildFile; fileRef = 98003FDE2045B2C200FD9F25 /* CoreSpotlight.framework */; };
		98135E332005477500AB64C4 /* RestaurantsTableViewController.swift in Sources */ = {isa = PBXBuildFile; fileRef = 98135E322005477500AB64C4 /* RestaurantsTableViewController.swift */; };
		98135E342005477500AB64C4 /* RestaurantsTableViewController.swift in Sources */ = {isa = PBXBuildFile; fileRef = 98135E322005477500AB64C4 /* RestaurantsTableViewController.swift */; };
		98135E352005477500AB64C4 /* RestaurantsTableViewController.swift in Sources */ = {isa = PBXBuildFile; fileRef = 98135E322005477500AB64C4 /* RestaurantsTableViewController.swift */; };
		98135E372005592500AB64C4 /* RestaurantsMapViewController.swift in Sources */ = {isa = PBXBuildFile; fileRef = 98135E362005592500AB64C4 /* RestaurantsMapViewController.swift */; };
		98135E382005592500AB64C4 /* RestaurantsMapViewController.swift in Sources */ = {isa = PBXBuildFile; fileRef = 98135E362005592500AB64C4 /* RestaurantsMapViewController.swift */; };
		98135E392005592500AB64C4 /* RestaurantsMapViewController.swift in Sources */ = {isa = PBXBuildFile; fileRef = 98135E362005592500AB64C4 /* RestaurantsMapViewController.swift */; };
		981E84CB204211E400835C47 /* CAGradientLayerExtensions.swift in Sources */ = {isa = PBXBuildFile; fileRef = 981E84CA204211E400835C47 /* CAGradientLayerExtensions.swift */; };
		98363150200FD4E1002EBE01 /* ArrayExtensions.swift in Sources */ = {isa = PBXBuildFile; fileRef = 9836314F200FD4E1002EBE01 /* ArrayExtensions.swift */; };
		98363151200FD4E1002EBE01 /* ArrayExtensions.swift in Sources */ = {isa = PBXBuildFile; fileRef = 9836314F200FD4E1002EBE01 /* ArrayExtensions.swift */; };
		98363152200FD4E1002EBE01 /* ArrayExtensions.swift in Sources */ = {isa = PBXBuildFile; fileRef = 9836314F200FD4E1002EBE01 /* ArrayExtensions.swift */; };
		983A7FF02003E66C00512ED5 /* RestaurantsViewController.swift in Sources */ = {isa = PBXBuildFile; fileRef = 98F626172002487600996A91 /* RestaurantsViewController.swift */; };
		983A7FF12003E66C00512ED5 /* RestaurantsViewController.swift in Sources */ = {isa = PBXBuildFile; fileRef = 98F626172002487600996A91 /* RestaurantsViewController.swift */; };
		9847A6F4200A4E1200A17247 /* HomeCollectionViewController.swift in Sources */ = {isa = PBXBuildFile; fileRef = 9847A6F3200A4E1200A17247 /* HomeCollectionViewController.swift */; };
		9847A6F5200A4E5600A17247 /* HomeCollectionViewController.swift in Sources */ = {isa = PBXBuildFile; fileRef = 9847A6F3200A4E1200A17247 /* HomeCollectionViewController.swift */; };
		9847A6F6200A4E5600A17247 /* HomeCollectionViewController.swift in Sources */ = {isa = PBXBuildFile; fileRef = 9847A6F3200A4E1200A17247 /* HomeCollectionViewController.swift */; };
		9847A6F8200A4F8300A17247 /* TagCollectionViewCell.xib in Resources */ = {isa = PBXBuildFile; fileRef = 9847A6F7200A4F8300A17247 /* TagCollectionViewCell.xib */; };
		9847A6FA200A4FD100A17247 /* TagCollectionViewCell.swift in Sources */ = {isa = PBXBuildFile; fileRef = 9847A6F9200A4FD100A17247 /* TagCollectionViewCell.swift */; };
		9847A6FB200A501D00A17247 /* TagCollectionViewCell.swift in Sources */ = {isa = PBXBuildFile; fileRef = 9847A6F9200A4FD100A17247 /* TagCollectionViewCell.swift */; };
		9847A6FC200A501D00A17247 /* TagCollectionViewCell.swift in Sources */ = {isa = PBXBuildFile; fileRef = 9847A6F9200A4FD100A17247 /* TagCollectionViewCell.swift */; };
		9847A6FE200A99A400A17247 /* TagCollectionHeaderView.swift in Sources */ = {isa = PBXBuildFile; fileRef = 9847A6FD200A99A400A17247 /* TagCollectionHeaderView.swift */; };
		9847A6FF200A99A400A17247 /* TagCollectionHeaderView.swift in Sources */ = {isa = PBXBuildFile; fileRef = 9847A6FD200A99A400A17247 /* TagCollectionHeaderView.swift */; };
		9847A700200A99A400A17247 /* TagCollectionHeaderView.swift in Sources */ = {isa = PBXBuildFile; fileRef = 9847A6FD200A99A400A17247 /* TagCollectionHeaderView.swift */; };
		9847A702200A99C400A17247 /* TagCollectionHeaderView.xib in Resources */ = {isa = PBXBuildFile; fileRef = 9847A701200A99C400A17247 /* TagCollectionHeaderView.xib */; };
		9847A703200A99C400A17247 /* TagCollectionHeaderView.xib in Resources */ = {isa = PBXBuildFile; fileRef = 9847A701200A99C400A17247 /* TagCollectionHeaderView.xib */; };
		9847A704200A99C400A17247 /* TagCollectionHeaderView.xib in Resources */ = {isa = PBXBuildFile; fileRef = 9847A701200A99C400A17247 /* TagCollectionHeaderView.xib */; };
		9847A70E200AB66300A17247 /* AlignedLeftFlowLayout.swift in Sources */ = {isa = PBXBuildFile; fileRef = 9847A70D200AB66300A17247 /* AlignedLeftFlowLayout.swift */; };
		9847A70F200AB66300A17247 /* AlignedLeftFlowLayout.swift in Sources */ = {isa = PBXBuildFile; fileRef = 9847A70D200AB66300A17247 /* AlignedLeftFlowLayout.swift */; };
		9847A710200AB66300A17247 /* AlignedLeftFlowLayout.swift in Sources */ = {isa = PBXBuildFile; fileRef = 9847A70D200AB66300A17247 /* AlignedLeftFlowLayout.swift */; };
		9847CAE5202E512C00FAC5B6 /* RestaurantRouterTests.swift in Sources */ = {isa = PBXBuildFile; fileRef = 9847CAE4202E512C00FAC5B6 /* RestaurantRouterTests.swift */; };
		9847CAE7202F35CA00FAC5B6 /* Facet.swift in Sources */ = {isa = PBXBuildFile; fileRef = 9847CAE6202F35CA00FAC5B6 /* Facet.swift */; };
		9847CAE9202F36EA00FAC5B6 /* RestaurantFacet.swift in Sources */ = {isa = PBXBuildFile; fileRef = 9847CAE8202F36EA00FAC5B6 /* RestaurantFacet.swift */; };
		9847CAEA202F36EA00FAC5B6 /* RestaurantFacet.swift in Sources */ = {isa = PBXBuildFile; fileRef = 9847CAE8202F36EA00FAC5B6 /* RestaurantFacet.swift */; };
		9847CAEB202F36EA00FAC5B6 /* RestaurantFacet.swift in Sources */ = {isa = PBXBuildFile; fileRef = 9847CAE8202F36EA00FAC5B6 /* RestaurantFacet.swift */; };
		9847CAEF202F3B9100FAC5B6 /* RestaurantFacetTests.swift in Sources */ = {isa = PBXBuildFile; fileRef = 9847CAED202F3B9100FAC5B6 /* RestaurantFacetTests.swift */; };
		9847CAF1202F3D0400FAC5B6 /* Facet.swift in Sources */ = {isa = PBXBuildFile; fileRef = 9847CAE6202F35CA00FAC5B6 /* Facet.swift */; };
		9847CAF2202F3D0500FAC5B6 /* Facet.swift in Sources */ = {isa = PBXBuildFile; fileRef = 9847CAE6202F35CA00FAC5B6 /* Facet.swift */; };
		9849816B2041BF98001B742F /* UIViewExtensions.swift in Sources */ = {isa = PBXBuildFile; fileRef = 9849816A2041BF98001B742F /* UIViewExtensions.swift */; };
		984B711A200F7D0F00822ADF /* UserDefault.swift in Sources */ = {isa = PBXBuildFile; fileRef = 9892E81220095728007B7033 /* UserDefault.swift */; };
		984B711B200F7D0F00822ADF /* UserDefault.swift in Sources */ = {isa = PBXBuildFile; fileRef = 9892E81220095728007B7033 /* UserDefault.swift */; };
		984B711C200F7D1B00822ADF /* Localization.swift in Sources */ = {isa = PBXBuildFile; fileRef = 98D869322007C62B00EC909F /* Localization.swift */; };
		984B711D200F7D1B00822ADF /* Localization.swift in Sources */ = {isa = PBXBuildFile; fileRef = 98D869322007C62B00EC909F /* Localization.swift */; };
		984B711E200F7D1B00822ADF /* Rating.swift in Sources */ = {isa = PBXBuildFile; fileRef = 989CE4B2200E932F00BD42D7 /* Rating.swift */; };
		984B711F200F7D1B00822ADF /* Rating.swift in Sources */ = {isa = PBXBuildFile; fileRef = 989CE4B2200E932F00BD42D7 /* Rating.swift */; };
		984B7120200F7D1B00822ADF /* BrandColor.swift in Sources */ = {isa = PBXBuildFile; fileRef = 9892E80E2009530A007B7033 /* BrandColor.swift */; };
		984B7121200F7D1B00822ADF /* BrandColor.swift in Sources */ = {isa = PBXBuildFile; fileRef = 9892E80E2009530A007B7033 /* BrandColor.swift */; };
		984B7122200F7D1B00822ADF /* PointOfInterest.swift in Sources */ = {isa = PBXBuildFile; fileRef = 98F6266A20024EC600996A91 /* PointOfInterest.swift */; };
		984B7123200F7D1B00822ADF /* PointOfInterest.swift in Sources */ = {isa = PBXBuildFile; fileRef = 98F6266A20024EC600996A91 /* PointOfInterest.swift */; };
		984B7125200F7F1A00822ADF /* RestaurantAnnotation.swift in Sources */ = {isa = PBXBuildFile; fileRef = 984B7124200F7F1A00822ADF /* RestaurantAnnotation.swift */; };
		984B7126200F7F1A00822ADF /* RestaurantAnnotation.swift in Sources */ = {isa = PBXBuildFile; fileRef = 984B7124200F7F1A00822ADF /* RestaurantAnnotation.swift */; };
		984B7127200F7F1A00822ADF /* RestaurantAnnotation.swift in Sources */ = {isa = PBXBuildFile; fileRef = 984B7124200F7F1A00822ADF /* RestaurantAnnotation.swift */; };
		984B7129200F80A800822ADF /* Environment.swift in Sources */ = {isa = PBXBuildFile; fileRef = 984B7128200F80A800822ADF /* Environment.swift */; };
		984B712A200F80A800822ADF /* Environment.swift in Sources */ = {isa = PBXBuildFile; fileRef = 984B7128200F80A800822ADF /* Environment.swift */; };
		984B712B200F80A800822ADF /* Environment.swift in Sources */ = {isa = PBXBuildFile; fileRef = 984B7128200F80A800822ADF /* Environment.swift */; };
		984B712D200F80DF00822ADF /* RestaurantRouter.swift in Sources */ = {isa = PBXBuildFile; fileRef = 984B712C200F80DF00822ADF /* RestaurantRouter.swift */; };
		984B712E200F80DF00822ADF /* RestaurantRouter.swift in Sources */ = {isa = PBXBuildFile; fileRef = 984B712C200F80DF00822ADF /* RestaurantRouter.swift */; };
		984B712F200F80DF00822ADF /* RestaurantRouter.swift in Sources */ = {isa = PBXBuildFile; fileRef = 984B712C200F80DF00822ADF /* RestaurantRouter.swift */; };
		984DEA532040A2EC00E1A0EB /* Email.swift in Sources */ = {isa = PBXBuildFile; fileRef = 984DEA522040A2EC00E1A0EB /* Email.swift */; };
		984DEA542040A2EC00E1A0EB /* Email.swift in Sources */ = {isa = PBXBuildFile; fileRef = 984DEA522040A2EC00E1A0EB /* Email.swift */; };
		984DEA552040A2EC00E1A0EB /* Email.swift in Sources */ = {isa = PBXBuildFile; fileRef = 984DEA522040A2EC00E1A0EB /* Email.swift */; };
		985403B0201B96BA006F7103 /* RatingFilterButton.swift in Sources */ = {isa = PBXBuildFile; fileRef = 985403AF201B96BA006F7103 /* RatingFilterButton.swift */; };
		985403B1201B96BA006F7103 /* RatingFilterButton.swift in Sources */ = {isa = PBXBuildFile; fileRef = 985403AF201B96BA006F7103 /* RatingFilterButton.swift */; };
		985403B2201B96BA006F7103 /* RatingFilterButton.swift in Sources */ = {isa = PBXBuildFile; fileRef = 985403AF201B96BA006F7103 /* RatingFilterButton.swift */; };
		98550AA8201928AC006F53A2 /* RestaurantFilterState.swift in Sources */ = {isa = PBXBuildFile; fileRef = 98550AA7201928AC006F53A2 /* RestaurantFilterState.swift */; };
		98550AA9201928AC006F53A2 /* RestaurantFilterState.swift in Sources */ = {isa = PBXBuildFile; fileRef = 98550AA7201928AC006F53A2 /* RestaurantFilterState.swift */; };
		98550AAA201928AC006F53A2 /* RestaurantFilterState.swift in Sources */ = {isa = PBXBuildFile; fileRef = 98550AA7201928AC006F53A2 /* RestaurantFilterState.swift */; };
		986D146C2048A1AB007029CE /* KMNavigationBarTransition.framework in Frameworks */ = {isa = PBXBuildFile; fileRef = 986D146A2048A1A2007029CE /* KMNavigationBarTransition.framework */; };
		986D146D2048A1AB007029CE /* KMNavigationBarTransition.framework in Embed Frameworks */ = {isa = PBXBuildFile; fileRef = 986D146A2048A1A2007029CE /* KMNavigationBarTransition.framework */; settings = {ATTRIBUTES = (CodeSignOnCopy, RemoveHeadersOnCopy, ); }; };
		986E8AD2200E6EA200BA57AA /* RatingView.swift in Sources */ = {isa = PBXBuildFile; fileRef = 986E8AD1200E6EA200BA57AA /* RatingView.swift */; };
		986E8AD5200E6FBF00BA57AA /* RestaurantRatingTests.swift in Sources */ = {isa = PBXBuildFile; fileRef = 986E8AD4200E6FBF00BA57AA /* RestaurantRatingTests.swift */; };
		986E8AD6200E708400BA57AA /* RatingView.swift in Sources */ = {isa = PBXBuildFile; fileRef = 986E8AD1200E6EA200BA57AA /* RatingView.swift */; };
		986E8AD7200E72E700BA57AA /* RatingView.swift in Sources */ = {isa = PBXBuildFile; fileRef = 986E8AD1200E6EA200BA57AA /* RatingView.swift */; };
		988EC327204301EF0076178B /* WhiteNavigationViewController.swift in Sources */ = {isa = PBXBuildFile; fileRef = 988EC326204301EF0076178B /* WhiteNavigationViewController.swift */; };
		988EC328204304FB0076178B /* WhiteNavigationViewController.swift in Sources */ = {isa = PBXBuildFile; fileRef = 988EC326204301EF0076178B /* WhiteNavigationViewController.swift */; };
		988EC329204304FB0076178B /* WhiteNavigationViewController.swift in Sources */ = {isa = PBXBuildFile; fileRef = 988EC326204301EF0076178B /* WhiteNavigationViewController.swift */; };
		988EC338204355870076178B /* URLExtensions.swift in Sources */ = {isa = PBXBuildFile; fileRef = 988EC337204355870076178B /* URLExtensions.swift */; };
		9892E80F2009530A007B7033 /* BrandColor.swift in Sources */ = {isa = PBXBuildFile; fileRef = 9892E80E2009530A007B7033 /* BrandColor.swift */; };
		9892E81320095728007B7033 /* UserDefault.swift in Sources */ = {isa = PBXBuildFile; fileRef = 9892E81220095728007B7033 /* UserDefault.swift */; };
		9892E81B200A3BC1007B7033 /* IconTableViewCell.swift in Sources */ = {isa = PBXBuildFile; fileRef = 9892E81A200A3BC1007B7033 /* IconTableViewCell.swift */; };
		9892E81C200A3BC1007B7033 /* IconTableViewCell.swift in Sources */ = {isa = PBXBuildFile; fileRef = 9892E81A200A3BC1007B7033 /* IconTableViewCell.swift */; };
		9892E81D200A3BC1007B7033 /* IconTableViewCell.swift in Sources */ = {isa = PBXBuildFile; fileRef = 9892E81A200A3BC1007B7033 /* IconTableViewCell.swift */; };
		9892E81F200A3CEE007B7033 /* IconTableViewCell.xib in Resources */ = {isa = PBXBuildFile; fileRef = 9892E81E200A3CEE007B7033 /* IconTableViewCell.xib */; };
		9892E820200A3CEE007B7033 /* IconTableViewCell.xib in Resources */ = {isa = PBXBuildFile; fileRef = 9892E81E200A3CEE007B7033 /* IconTableViewCell.xib */; };
		9892E821200A3CEE007B7033 /* IconTableViewCell.xib in Resources */ = {isa = PBXBuildFile; fileRef = 9892E81E200A3CEE007B7033 /* IconTableViewCell.xib */; };
		989936462040CD41003B94C2 /* DetailTitleView.xib in Resources */ = {isa = PBXBuildFile; fileRef = 989936452040CD41003B94C2 /* DetailTitleView.xib */; };
		989936472040CD41003B94C2 /* DetailTitleView.xib in Resources */ = {isa = PBXBuildFile; fileRef = 989936452040CD41003B94C2 /* DetailTitleView.xib */; };
		9899364F2040CF0C003B94C2 /* DetailTitleView.swift in Sources */ = {isa = PBXBuildFile; fileRef = 9899364E2040CF0C003B94C2 /* DetailTitleView.swift */; };
		989936502040CF0C003B94C2 /* DetailTitleView.swift in Sources */ = {isa = PBXBuildFile; fileRef = 9899364E2040CF0C003B94C2 /* DetailTitleView.swift */; };
		989CE4AF200E8E0000BD42D7 /* RestaurantRating.swift in Sources */ = {isa = PBXBuildFile; fileRef = 989CE4AE200E8E0000BD42D7 /* RestaurantRating.swift */; };
		989CE4B0200E8E0000BD42D7 /* RestaurantRating.swift in Sources */ = {isa = PBXBuildFile; fileRef = 989CE4AE200E8E0000BD42D7 /* RestaurantRating.swift */; };
		989CE4B1200E901600BD42D7 /* RestaurantRating.swift in Sources */ = {isa = PBXBuildFile; fileRef = 989CE4AE200E8E0000BD42D7 /* RestaurantRating.swift */; };
		989CE4B3200E932F00BD42D7 /* Rating.swift in Sources */ = {isa = PBXBuildFile; fileRef = 989CE4B2200E932F00BD42D7 /* Rating.swift */; };
		98B4A13620487D1B002E30F5 /* DetailTableViewCell.swift in Sources */ = {isa = PBXBuildFile; fileRef = 98B4A13420487D1B002E30F5 /* DetailTableViewCell.swift */; };
		98B4A13720487D1B002E30F5 /* DetailTableViewCell.xib in Resources */ = {isa = PBXBuildFile; fileRef = 98B4A13520487D1B002E30F5 /* DetailTableViewCell.xib */; };
		98C8DFBA2003CE1D00BE568C /* RestaurantFilterViewController.swift in Sources */ = {isa = PBXBuildFile; fileRef = 98C8DFB92003CE1D00BE568C /* RestaurantFilterViewController.swift */; };
		98C8DFBB2003CE1D00BE568C /* RestaurantFilterViewController.swift in Sources */ = {isa = PBXBuildFile; fileRef = 98C8DFB92003CE1D00BE568C /* RestaurantFilterViewController.swift */; };
		98C8DFBC2003CE1D00BE568C /* RestaurantFilterViewController.swift in Sources */ = {isa = PBXBuildFile; fileRef = 98C8DFB92003CE1D00BE568C /* RestaurantFilterViewController.swift */; };
		98D869332007C62B00EC909F /* Localization.swift in Sources */ = {isa = PBXBuildFile; fileRef = 98D869322007C62B00EC909F /* Localization.swift */; };
		98D8694D2007F9C900EC909F /* CountriesViewController.swift in Sources */ = {isa = PBXBuildFile; fileRef = 98D8694C2007F9C900EC909F /* CountriesViewController.swift */; };
		98D8694E2007F9C900EC909F /* CountriesViewController.swift in Sources */ = {isa = PBXBuildFile; fileRef = 98D8694C2007F9C900EC909F /* CountriesViewController.swift */; };
		98D8694F2007F9C900EC909F /* CountriesViewController.swift in Sources */ = {isa = PBXBuildFile; fileRef = 98D8694C2007F9C900EC909F /* CountriesViewController.swift */; };
		98D869512007FA7300EC909F /* EnumCollection.swift in Sources */ = {isa = PBXBuildFile; fileRef = 98D869502007FA7300EC909F /* EnumCollection.swift */; };
		98D869522007FA7300EC909F /* EnumCollection.swift in Sources */ = {isa = PBXBuildFile; fileRef = 98D869502007FA7300EC909F /* EnumCollection.swift */; };
		98D869532007FA7300EC909F /* EnumCollection.swift in Sources */ = {isa = PBXBuildFile; fileRef = 98D869502007FA7300EC909F /* EnumCollection.swift */; };
		98D869622008FBE300EC909F /* SplashViewController.swift in Sources */ = {isa = PBXBuildFile; fileRef = 98D869612008FBE300EC909F /* SplashViewController.swift */; };
		98D869632008FBE300EC909F /* SplashViewController.swift in Sources */ = {isa = PBXBuildFile; fileRef = 98D869612008FBE300EC909F /* SplashViewController.swift */; };
		98D869642008FBE300EC909F /* SplashViewController.swift in Sources */ = {isa = PBXBuildFile; fileRef = 98D869612008FBE300EC909F /* SplashViewController.swift */; };
		98D869692008FC4300EC909F /* PartialModalPresentationController.swift in Sources */ = {isa = PBXBuildFile; fileRef = 98D869662008FC4200EC909F /* PartialModalPresentationController.swift */; };
		98D8696A2008FC4300EC909F /* PartialModalPresentationController.swift in Sources */ = {isa = PBXBuildFile; fileRef = 98D869662008FC4200EC909F /* PartialModalPresentationController.swift */; };
		98D8696B2008FC4300EC909F /* PartialModalPresentationController.swift in Sources */ = {isa = PBXBuildFile; fileRef = 98D869662008FC4200EC909F /* PartialModalPresentationController.swift */; };
		98D8696C2008FC4300EC909F /* PartialModalPresentationAnimator.swift in Sources */ = {isa = PBXBuildFile; fileRef = 98D869672008FC4300EC909F /* PartialModalPresentationAnimator.swift */; };
		98D8696D2008FC4300EC909F /* PartialModalPresentationAnimator.swift in Sources */ = {isa = PBXBuildFile; fileRef = 98D869672008FC4300EC909F /* PartialModalPresentationAnimator.swift */; };
		98D8696E2008FC4300EC909F /* PartialModalPresentationAnimator.swift in Sources */ = {isa = PBXBuildFile; fileRef = 98D869672008FC4300EC909F /* PartialModalPresentationAnimator.swift */; };
		98D8696F2008FC4300EC909F /* PartialModalTransitionDelegate.swift in Sources */ = {isa = PBXBuildFile; fileRef = 98D869682008FC4300EC909F /* PartialModalTransitionDelegate.swift */; };
		98D869702008FC4300EC909F /* PartialModalTransitionDelegate.swift in Sources */ = {isa = PBXBuildFile; fileRef = 98D869682008FC4300EC909F /* PartialModalTransitionDelegate.swift */; };
		98D869712008FC4300EC909F /* PartialModalTransitionDelegate.swift in Sources */ = {isa = PBXBuildFile; fileRef = 98D869682008FC4300EC909F /* PartialModalTransitionDelegate.swift */; };
		98D86973200901D800EC909F /* PartialModalDismissAnimator.swift in Sources */ = {isa = PBXBuildFile; fileRef = 98D86972200901D800EC909F /* PartialModalDismissAnimator.swift */; };
		98D86974200901D800EC909F /* PartialModalDismissAnimator.swift in Sources */ = {isa = PBXBuildFile; fileRef = 98D86972200901D800EC909F /* PartialModalDismissAnimator.swift */; };
		98D86975200901D800EC909F /* PartialModalDismissAnimator.swift in Sources */ = {isa = PBXBuildFile; fileRef = 98D86972200901D800EC909F /* PartialModalDismissAnimator.swift */; };
		98D8698320094E2300EC909F /* UIImageExtensions.swift in Sources */ = {isa = PBXBuildFile; fileRef = 98D8698220094E2300EC909F /* UIImageExtensions.swift */; };
		98D8698420094E2300EC909F /* UIImageExtensions.swift in Sources */ = {isa = PBXBuildFile; fileRef = 98D8698220094E2300EC909F /* UIImageExtensions.swift */; };
		98D8698520094E2300EC909F /* UIImageExtensions.swift in Sources */ = {isa = PBXBuildFile; fileRef = 98D8698220094E2300EC909F /* UIImageExtensions.swift */; };
		98E2D1C62029F7CE00B6D480 /* CALayerExtensions.swift in Sources */ = {isa = PBXBuildFile; fileRef = 98E2D1C52029F7CE00B6D480 /* CALayerExtensions.swift */; };
		98E2D1C72029FA9100B6D480 /* CALayerExtensions.swift in Sources */ = {isa = PBXBuildFile; fileRef = 98E2D1C52029F7CE00B6D480 /* CALayerExtensions.swift */; };
		98E2D1C82029FA9200B6D480 /* CALayerExtensions.swift in Sources */ = {isa = PBXBuildFile; fileRef = 98E2D1C52029F7CE00B6D480 /* CALayerExtensions.swift */; };
		98F626162002487600996A91 /* AppDelegate.swift in Sources */ = {isa = PBXBuildFile; fileRef = 98F626152002487600996A91 /* AppDelegate.swift */; };
		98F626182002487600996A91 /* RestaurantsViewController.swift in Sources */ = {isa = PBXBuildFile; fileRef = 98F626172002487600996A91 /* RestaurantsViewController.swift */; };
		98F6261D2002487700996A91 /* Main.storyboard in Resources */ = {isa = PBXBuildFile; fileRef = 98F6261B2002487700996A91 /* Main.storyboard */; };
		98F6261F2002487700996A91 /* Assets.xcassets in Resources */ = {isa = PBXBuildFile; fileRef = 98F6261E2002487700996A91 /* Assets.xcassets */; };
		98F626222002487700996A91 /* LaunchScreen.storyboard in Resources */ = {isa = PBXBuildFile; fileRef = 98F626202002487700996A91 /* LaunchScreen.storyboard */; };
		98F6262D2002487700996A91 /* CulinaryGuideTests.swift in Sources */ = {isa = PBXBuildFile; fileRef = 98F6262C2002487700996A91 /* CulinaryGuideTests.swift */; };
		98F626382002487700996A91 /* CulinaryGuideUITests.swift in Sources */ = {isa = PBXBuildFile; fileRef = 98F626372002487700996A91 /* CulinaryGuideUITests.swift */; };
		98F6264B20024BA500996A91 /* API.swift in Sources */ = {isa = PBXBuildFile; fileRef = 98F6264A20024BA500996A91 /* API.swift */; };
		98F6264C20024BA500996A91 /* API.swift in Sources */ = {isa = PBXBuildFile; fileRef = 98F6264A20024BA500996A91 /* API.swift */; };
		98F6264D20024BA500996A91 /* API.swift in Sources */ = {isa = PBXBuildFile; fileRef = 98F6264A20024BA500996A91 /* API.swift */; };
		98F6264F20024BE400996A91 /* URLQueryToken.swift in Sources */ = {isa = PBXBuildFile; fileRef = 98F6264E20024BE400996A91 /* URLQueryToken.swift */; };
		98F6265020024BE400996A91 /* URLQueryToken.swift in Sources */ = {isa = PBXBuildFile; fileRef = 98F6264E20024BE400996A91 /* URLQueryToken.swift */; };
		98F6265120024BE400996A91 /* URLQueryToken.swift in Sources */ = {isa = PBXBuildFile; fileRef = 98F6264E20024BE400996A91 /* URLQueryToken.swift */; };
		98F6265720024C2000996A91 /* Router.swift in Sources */ = {isa = PBXBuildFile; fileRef = 98F6265620024C2000996A91 /* Router.swift */; };
		98F6265820024C2000996A91 /* Router.swift in Sources */ = {isa = PBXBuildFile; fileRef = 98F6265620024C2000996A91 /* Router.swift */; };
		98F6265920024C2000996A91 /* Router.swift in Sources */ = {isa = PBXBuildFile; fileRef = 98F6265620024C2000996A91 /* Router.swift */; };
		98F6265C20024C7100996A91 /* AsyncOperation.swift in Sources */ = {isa = PBXBuildFile; fileRef = 98F6265B20024C7100996A91 /* AsyncOperation.swift */; };
		98F6265D20024C7100996A91 /* AsyncOperation.swift in Sources */ = {isa = PBXBuildFile; fileRef = 98F6265B20024C7100996A91 /* AsyncOperation.swift */; };
		98F6265E20024C7100996A91 /* AsyncOperation.swift in Sources */ = {isa = PBXBuildFile; fileRef = 98F6265B20024C7100996A91 /* AsyncOperation.swift */; };
		98F6266020024CA900996A91 /* APIResource.swift in Sources */ = {isa = PBXBuildFile; fileRef = 98F6265F20024CA900996A91 /* APIResource.swift */; };
		98F6266120024CA900996A91 /* APIResource.swift in Sources */ = {isa = PBXBuildFile; fileRef = 98F6265F20024CA900996A91 /* APIResource.swift */; };
		98F6266220024CA900996A91 /* APIResource.swift in Sources */ = {isa = PBXBuildFile; fileRef = 98F6265F20024CA900996A91 /* APIResource.swift */; };
		98F6266720024D3800996A91 /* APIRequestOperation.swift in Sources */ = {isa = PBXBuildFile; fileRef = 98F6266620024D3800996A91 /* APIRequestOperation.swift */; };
		98F6266820024D3800996A91 /* APIRequestOperation.swift in Sources */ = {isa = PBXBuildFile; fileRef = 98F6266620024D3800996A91 /* APIRequestOperation.swift */; };
		98F6266920024D3800996A91 /* APIRequestOperation.swift in Sources */ = {isa = PBXBuildFile; fileRef = 98F6266620024D3800996A91 /* APIRequestOperation.swift */; };
		98F6266B20024EC600996A91 /* PointOfInterest.swift in Sources */ = {isa = PBXBuildFile; fileRef = 98F6266A20024EC600996A91 /* PointOfInterest.swift */; };
		98F6266F20024ED800996A91 /* Restaurant.swift in Sources */ = {isa = PBXBuildFile; fileRef = 98F6266E20024ED800996A91 /* Restaurant.swift */; };
		98F6267020024ED800996A91 /* Restaurant.swift in Sources */ = {isa = PBXBuildFile; fileRef = 98F6266E20024ED800996A91 /* Restaurant.swift */; };
		98F6267120024ED800996A91 /* Restaurant.swift in Sources */ = {isa = PBXBuildFile; fileRef = 98F6266E20024ED800996A91 /* Restaurant.swift */; };
		98F6267320026CED00996A91 /* RestaurantDetailViewController.swift in Sources */ = {isa = PBXBuildFile; fileRef = 98F6267220026CED00996A91 /* RestaurantDetailViewController.swift */; };
		98F6267420026CED00996A91 /* RestaurantDetailViewController.swift in Sources */ = {isa = PBXBuildFile; fileRef = 98F6267220026CED00996A91 /* RestaurantDetailViewController.swift */; };
		98F6267520026CED00996A91 /* RestaurantDetailViewController.swift in Sources */ = {isa = PBXBuildFile; fileRef = 98F6267220026CED00996A91 /* RestaurantDetailViewController.swift */; };
/* End PBXBuildFile section */

/* Begin PBXContainerItemProxy section */
		98F626292002487700996A91 /* PBXContainerItemProxy */ = {
			isa = PBXContainerItemProxy;
			containerPortal = 98F6260A2002487600996A91 /* Project object */;
			proxyType = 1;
			remoteGlobalIDString = 98F626112002487600996A91;
			remoteInfo = CulinaryGuide;
		};
		98F626342002487700996A91 /* PBXContainerItemProxy */ = {
			isa = PBXContainerItemProxy;
			containerPortal = 98F6260A2002487600996A91 /* Project object */;
			proxyType = 1;
			remoteGlobalIDString = 98F626112002487600996A91;
			remoteInfo = CulinaryGuide;
		};
/* End PBXContainerItemProxy section */

/* Begin PBXCopyFilesBuildPhase section */
		986D146E2048A1AB007029CE /* Embed Frameworks */ = {
			isa = PBXCopyFilesBuildPhase;
			buildActionMask = 2147483647;
			dstPath = "";
			dstSubfolderSpec = 10;
			files = (
				986D146D2048A1AB007029CE /* KMNavigationBarTransition.framework in Embed Frameworks */,
			);
			name = "Embed Frameworks";
			runOnlyForDeploymentPostprocessing = 0;
		};
/* End PBXCopyFilesBuildPhase section */

/* Begin PBXFileReference section */
		98003FDE2045B2C200FD9F25 /* CoreSpotlight.framework */ = {isa = PBXFileReference; lastKnownFileType = wrapper.framework; name = CoreSpotlight.framework; path = System/Library/Frameworks/CoreSpotlight.framework; sourceTree = SDKROOT; };
		98135E322005477500AB64C4 /* RestaurantsTableViewController.swift */ = {isa = PBXFileReference; lastKnownFileType = sourcecode.swift; path = RestaurantsTableViewController.swift; sourceTree = "<group>"; };
		98135E362005592500AB64C4 /* RestaurantsMapViewController.swift */ = {isa = PBXFileReference; lastKnownFileType = sourcecode.swift; path = RestaurantsMapViewController.swift; sourceTree = "<group>"; };
		981E84CA204211E400835C47 /* CAGradientLayerExtensions.swift */ = {isa = PBXFileReference; lastKnownFileType = sourcecode.swift; path = CAGradientLayerExtensions.swift; sourceTree = "<group>"; };
		9836314F200FD4E1002EBE01 /* ArrayExtensions.swift */ = {isa = PBXFileReference; lastKnownFileType = sourcecode.swift; path = ArrayExtensions.swift; sourceTree = "<group>"; };
		9847A6F3200A4E1200A17247 /* HomeCollectionViewController.swift */ = {isa = PBXFileReference; lastKnownFileType = sourcecode.swift; path = HomeCollectionViewController.swift; sourceTree = "<group>"; };
		9847A6F7200A4F8300A17247 /* TagCollectionViewCell.xib */ = {isa = PBXFileReference; lastKnownFileType = file.xib; path = TagCollectionViewCell.xib; sourceTree = "<group>"; };
		9847A6F9200A4FD100A17247 /* TagCollectionViewCell.swift */ = {isa = PBXFileReference; lastKnownFileType = sourcecode.swift; path = TagCollectionViewCell.swift; sourceTree = "<group>"; };
		9847A6FD200A99A400A17247 /* TagCollectionHeaderView.swift */ = {isa = PBXFileReference; lastKnownFileType = sourcecode.swift; path = TagCollectionHeaderView.swift; sourceTree = "<group>"; };
		9847A701200A99C400A17247 /* TagCollectionHeaderView.xib */ = {isa = PBXFileReference; lastKnownFileType = file.xib; path = TagCollectionHeaderView.xib; sourceTree = "<group>"; };
		9847A70D200AB66300A17247 /* AlignedLeftFlowLayout.swift */ = {isa = PBXFileReference; lastKnownFileType = sourcecode.swift; path = AlignedLeftFlowLayout.swift; sourceTree = "<group>"; };
		9847A711200BA5EC00A17247 /* UIBezierPath Tap.playground */ = {isa = PBXFileReference; lastKnownFileType = file.playground; path = "UIBezierPath Tap.playground"; sourceTree = "<group>"; xcLanguageSpecificationIdentifier = xcode.lang.swift; };
		9847A71A200BA85700A17247 /* Base */ = {isa = PBXFileReference; lastKnownFileType = file.storyboard; name = Base; path = Base.lproj/Main.storyboard; sourceTree = "<group>"; };
		9847A71B200BA85700A17247 /* Base */ = {isa = PBXFileReference; lastKnownFileType = file.storyboard; name = Base; path = Base.lproj/LaunchScreen.storyboard; sourceTree = "<group>"; };
		9847CAE4202E512C00FAC5B6 /* RestaurantRouterTests.swift */ = {isa = PBXFileReference; lastKnownFileType = sourcecode.swift; path = RestaurantRouterTests.swift; sourceTree = "<group>"; };
		9847CAE6202F35CA00FAC5B6 /* Facet.swift */ = {isa = PBXFileReference; lastKnownFileType = sourcecode.swift; path = Facet.swift; sourceTree = "<group>"; };
		9847CAE8202F36EA00FAC5B6 /* RestaurantFacet.swift */ = {isa = PBXFileReference; lastKnownFileType = sourcecode.swift; path = RestaurantFacet.swift; sourceTree = "<group>"; };
		9847CAED202F3B9100FAC5B6 /* RestaurantFacetTests.swift */ = {isa = PBXFileReference; lastKnownFileType = sourcecode.swift; path = RestaurantFacetTests.swift; sourceTree = "<group>"; };
		9849816A2041BF98001B742F /* UIViewExtensions.swift */ = {isa = PBXFileReference; lastKnownFileType = sourcecode.swift; path = UIViewExtensions.swift; sourceTree = "<group>"; };
		984B7124200F7F1A00822ADF /* RestaurantAnnotation.swift */ = {isa = PBXFileReference; lastKnownFileType = sourcecode.swift; path = RestaurantAnnotation.swift; sourceTree = "<group>"; };
		984B7128200F80A800822ADF /* Environment.swift */ = {isa = PBXFileReference; lastKnownFileType = sourcecode.swift; path = Environment.swift; sourceTree = "<group>"; };
		984B712C200F80DF00822ADF /* RestaurantRouter.swift */ = {isa = PBXFileReference; lastKnownFileType = sourcecode.swift; path = RestaurantRouter.swift; sourceTree = "<group>"; };
		984DEA522040A2EC00E1A0EB /* Email.swift */ = {isa = PBXFileReference; lastKnownFileType = sourcecode.swift; path = Email.swift; sourceTree = "<group>"; };
		985403AF201B96BA006F7103 /* RatingFilterButton.swift */ = {isa = PBXFileReference; lastKnownFileType = sourcecode.swift; path = RatingFilterButton.swift; sourceTree = "<group>"; };
		98550AA7201928AC006F53A2 /* RestaurantFilterState.swift */ = {isa = PBXFileReference; lastKnownFileType = sourcecode.swift; name = RestaurantFilterState.swift; path = CulinaryGuide/Models/Restaurants/RestaurantFilterState.swift; sourceTree = SOURCE_ROOT; };
		986D146A2048A1A2007029CE /* KMNavigationBarTransition.framework */ = {isa = PBXFileReference; lastKnownFileType = wrapper.framework; name = KMNavigationBarTransition.framework; path = Carthage/Build/iOS/KMNavigationBarTransition.framework; sourceTree = "<group>"; };
		986E8AD1200E6EA200BA57AA /* RatingView.swift */ = {isa = PBXFileReference; lastKnownFileType = sourcecode.swift; path = RatingView.swift; sourceTree = "<group>"; };
		986E8AD4200E6FBF00BA57AA /* RestaurantRatingTests.swift */ = {isa = PBXFileReference; lastKnownFileType = sourcecode.swift; path = RestaurantRatingTests.swift; sourceTree = "<group>"; };
		988EC326204301EF0076178B /* WhiteNavigationViewController.swift */ = {isa = PBXFileReference; lastKnownFileType = sourcecode.swift; path = WhiteNavigationViewController.swift; sourceTree = "<group>"; };
		988EC337204355870076178B /* URLExtensions.swift */ = {isa = PBXFileReference; lastKnownFileType = sourcecode.swift; path = URLExtensions.swift; sourceTree = "<group>"; };
		9892E80E2009530A007B7033 /* BrandColor.swift */ = {isa = PBXFileReference; lastKnownFileType = sourcecode.swift; path = BrandColor.swift; sourceTree = "<group>"; };
		9892E81220095728007B7033 /* UserDefault.swift */ = {isa = PBXFileReference; lastKnownFileType = sourcecode.swift; path = UserDefault.swift; sourceTree = "<group>"; };
		9892E81A200A3BC1007B7033 /* IconTableViewCell.swift */ = {isa = PBXFileReference; lastKnownFileType = sourcecode.swift; path = IconTableViewCell.swift; sourceTree = "<group>"; };
		9892E81E200A3CEE007B7033 /* IconTableViewCell.xib */ = {isa = PBXFileReference; lastKnownFileType = file.xib; path = IconTableViewCell.xib; sourceTree = "<group>"; };
		989936452040CD41003B94C2 /* DetailTitleView.xib */ = {isa = PBXFileReference; lastKnownFileType = file.xib; path = DetailTitleView.xib; sourceTree = "<group>"; };
		9899364E2040CF0C003B94C2 /* DetailTitleView.swift */ = {isa = PBXFileReference; lastKnownFileType = sourcecode.swift; path = DetailTitleView.swift; sourceTree = "<group>"; };
		989CE4AE200E8E0000BD42D7 /* RestaurantRating.swift */ = {isa = PBXFileReference; lastKnownFileType = sourcecode.swift; path = RestaurantRating.swift; sourceTree = "<group>"; };
		989CE4B2200E932F00BD42D7 /* Rating.swift */ = {isa = PBXFileReference; lastKnownFileType = sourcecode.swift; path = Rating.swift; sourceTree = "<group>"; };
		989EA00520178A9D00FB2A95 /* Playground.playground */ = {isa = PBXFileReference; lastKnownFileType = file.playground; name = Playground.playground; path = CulinaryGuide/Playground.playground; sourceTree = SOURCE_ROOT; xcLanguageSpecificationIdentifier = xcode.lang.swift; };
		98B4A13420487D1B002E30F5 /* DetailTableViewCell.swift */ = {isa = PBXFileReference; lastKnownFileType = sourcecode.swift; path = DetailTableViewCell.swift; sourceTree = "<group>"; };
		98B4A13520487D1B002E30F5 /* DetailTableViewCell.xib */ = {isa = PBXFileReference; lastKnownFileType = file.xib; path = DetailTableViewCell.xib; sourceTree = "<group>"; };
		98C8DFB92003CE1D00BE568C /* RestaurantFilterViewController.swift */ = {isa = PBXFileReference; lastKnownFileType = sourcecode.swift; path = RestaurantFilterViewController.swift; sourceTree = "<group>"; };
		98D869322007C62B00EC909F /* Localization.swift */ = {isa = PBXFileReference; lastKnownFileType = sourcecode.swift; path = Localization.swift; sourceTree = "<group>"; };
		98D8694C2007F9C900EC909F /* CountriesViewController.swift */ = {isa = PBXFileReference; lastKnownFileType = sourcecode.swift; path = CountriesViewController.swift; sourceTree = "<group>"; };
		98D869502007FA7300EC909F /* EnumCollection.swift */ = {isa = PBXFileReference; lastKnownFileType = sourcecode.swift; path = EnumCollection.swift; sourceTree = "<group>"; };
		98D869612008FBE300EC909F /* SplashViewController.swift */ = {isa = PBXFileReference; lastKnownFileType = sourcecode.swift; path = SplashViewController.swift; sourceTree = "<group>"; };
		98D869662008FC4200EC909F /* PartialModalPresentationController.swift */ = {isa = PBXFileReference; fileEncoding = 4; lastKnownFileType = sourcecode.swift; path = PartialModalPresentationController.swift; sourceTree = "<group>"; };
		98D869672008FC4300EC909F /* PartialModalPresentationAnimator.swift */ = {isa = PBXFileReference; fileEncoding = 4; lastKnownFileType = sourcecode.swift; path = PartialModalPresentationAnimator.swift; sourceTree = "<group>"; };
		98D869682008FC4300EC909F /* PartialModalTransitionDelegate.swift */ = {isa = PBXFileReference; fileEncoding = 4; lastKnownFileType = sourcecode.swift; path = PartialModalTransitionDelegate.swift; sourceTree = "<group>"; };
		98D86972200901D800EC909F /* PartialModalDismissAnimator.swift */ = {isa = PBXFileReference; lastKnownFileType = sourcecode.swift; path = PartialModalDismissAnimator.swift; sourceTree = "<group>"; };
		98D8698220094E2300EC909F /* UIImageExtensions.swift */ = {isa = PBXFileReference; lastKnownFileType = sourcecode.swift; path = UIImageExtensions.swift; sourceTree = "<group>"; };
		98E2D1C52029F7CE00B6D480 /* CALayerExtensions.swift */ = {isa = PBXFileReference; lastKnownFileType = sourcecode.swift; path = CALayerExtensions.swift; sourceTree = "<group>"; };
		98F626122002487600996A91 /* CulinaryGuide.app */ = {isa = PBXFileReference; explicitFileType = wrapper.application; includeInIndex = 0; path = CulinaryGuide.app; sourceTree = BUILT_PRODUCTS_DIR; };
		98F626152002487600996A91 /* AppDelegate.swift */ = {isa = PBXFileReference; lastKnownFileType = sourcecode.swift; path = AppDelegate.swift; sourceTree = "<group>"; };
		98F626172002487600996A91 /* RestaurantsViewController.swift */ = {isa = PBXFileReference; lastKnownFileType = sourcecode.swift; path = RestaurantsViewController.swift; sourceTree = "<group>"; };
		98F6261E2002487700996A91 /* Assets.xcassets */ = {isa = PBXFileReference; lastKnownFileType = folder.assetcatalog; path = Assets.xcassets; sourceTree = "<group>"; };
		98F626232002487700996A91 /* Info.plist */ = {isa = PBXFileReference; lastKnownFileType = text.plist.xml; path = Info.plist; sourceTree = "<group>"; };
		98F626282002487700996A91 /* CulinaryGuideTests.xctest */ = {isa = PBXFileReference; explicitFileType = wrapper.cfbundle; includeInIndex = 0; path = CulinaryGuideTests.xctest; sourceTree = BUILT_PRODUCTS_DIR; };
		98F6262C2002487700996A91 /* CulinaryGuideTests.swift */ = {isa = PBXFileReference; lastKnownFileType = sourcecode.swift; path = CulinaryGuideTests.swift; sourceTree = "<group>"; };
		98F6262E2002487700996A91 /* Info.plist */ = {isa = PBXFileReference; lastKnownFileType = text.plist.xml; path = Info.plist; sourceTree = "<group>"; };
		98F626332002487700996A91 /* CulinaryGuideUITests.xctest */ = {isa = PBXFileReference; explicitFileType = wrapper.cfbundle; includeInIndex = 0; path = CulinaryGuideUITests.xctest; sourceTree = BUILT_PRODUCTS_DIR; };
		98F626372002487700996A91 /* CulinaryGuideUITests.swift */ = {isa = PBXFileReference; lastKnownFileType = sourcecode.swift; path = CulinaryGuideUITests.swift; sourceTree = "<group>"; };
		98F626392002487700996A91 /* Info.plist */ = {isa = PBXFileReference; lastKnownFileType = text.plist.xml; path = Info.plist; sourceTree = "<group>"; };
		98F6264A20024BA500996A91 /* API.swift */ = {isa = PBXFileReference; lastKnownFileType = sourcecode.swift; path = API.swift; sourceTree = "<group>"; };
		98F6264E20024BE400996A91 /* URLQueryToken.swift */ = {isa = PBXFileReference; lastKnownFileType = sourcecode.swift; path = URLQueryToken.swift; sourceTree = "<group>"; };
		98F6265620024C2000996A91 /* Router.swift */ = {isa = PBXFileReference; lastKnownFileType = sourcecode.swift; path = Router.swift; sourceTree = "<group>"; };
		98F6265B20024C7100996A91 /* AsyncOperation.swift */ = {isa = PBXFileReference; lastKnownFileType = sourcecode.swift; path = AsyncOperation.swift; sourceTree = "<group>"; };
		98F6265F20024CA900996A91 /* APIResource.swift */ = {isa = PBXFileReference; lastKnownFileType = sourcecode.swift; path = APIResource.swift; sourceTree = "<group>"; };
		98F6266620024D3800996A91 /* APIRequestOperation.swift */ = {isa = PBXFileReference; lastKnownFileType = sourcecode.swift; path = APIRequestOperation.swift; sourceTree = "<group>"; };
		98F6266A20024EC600996A91 /* PointOfInterest.swift */ = {isa = PBXFileReference; lastKnownFileType = sourcecode.swift; path = PointOfInterest.swift; sourceTree = "<group>"; };
		98F6266E20024ED800996A91 /* Restaurant.swift */ = {isa = PBXFileReference; lastKnownFileType = sourcecode.swift; path = Restaurant.swift; sourceTree = "<group>"; };
		98F6267220026CED00996A91 /* RestaurantDetailViewController.swift */ = {isa = PBXFileReference; lastKnownFileType = sourcecode.swift; path = RestaurantDetailViewController.swift; sourceTree = "<group>"; };
/* End PBXFileReference section */

/* Begin PBXFrameworksBuildPhase section */
		98F6260F2002487600996A91 /* Frameworks */ = {
			isa = PBXFrameworksBuildPhase;
			buildActionMask = 2147483647;
			files = (
				98003FDF2045B2C200FD9F25 /* CoreSpotlight.framework in Frameworks */,
				986D146C2048A1AB007029CE /* KMNavigationBarTransition.framework in Frameworks */,
			);
			runOnlyForDeploymentPostprocessing = 0;
		};
		98F626252002487700996A91 /* Frameworks */ = {
			isa = PBXFrameworksBuildPhase;
			buildActionMask = 2147483647;
			files = (
			);
			runOnlyForDeploymentPostprocessing = 0;
		};
		98F626302002487700996A91 /* Frameworks */ = {
			isa = PBXFrameworksBuildPhase;
			buildActionMask = 2147483647;
			files = (
			);
			runOnlyForDeploymentPostprocessing = 0;
		};
/* End PBXFrameworksBuildPhase section */

/* Begin PBXGroup section */
		9847CAE3202E50F200FAC5B6 /* API */ = {
			isa = PBXGroup;
			children = (
				9847CAE4202E512C00FAC5B6 /* RestaurantRouterTests.swift */,
			);
			path = API;
			sourceTree = "<group>";
		};
		9847CAEC202F3B7E00FAC5B6 /* Restaurants */ = {
			isa = PBXGroup;
			children = (
				9847CAED202F3B9100FAC5B6 /* RestaurantFacetTests.swift */,
			);
			path = Restaurants;
			sourceTree = "<group>";
		};
		984B7119200EAD5200822ADF /* Restaurants */ = {
			isa = PBXGroup;
			children = (
				98F626172002487600996A91 /* RestaurantsViewController.swift */,
				98135E322005477500AB64C4 /* RestaurantsTableViewController.swift */,
				98F6267220026CED00996A91 /* RestaurantDetailViewController.swift */,
				98C8DFB92003CE1D00BE568C /* RestaurantFilterViewController.swift */,
				98135E362005592500AB64C4 /* RestaurantsMapViewController.swift */,
			);
			path = Restaurants;
			sourceTree = "<group>";
		};
		986E8AD3200E6FA100BA57AA /* Models */ = {
			isa = PBXGroup;
			children = (
				9847CAE3202E50F200FAC5B6 /* API */,
				9847CAEC202F3B7E00FAC5B6 /* Restaurants */,
				986E8AD4200E6FBF00BA57AA /* RestaurantRatingTests.swift */,
			);
			path = Models;
			sourceTree = "<group>";
		};
		989628D52042E0F2004C233B /* Frameworks */ = {
			isa = PBXGroup;
			children = (
				986D146A2048A1A2007029CE /* KMNavigationBarTransition.framework */,
				98003FDE2045B2C200FD9F25 /* CoreSpotlight.framework */,
			);
			name = Frameworks;
			sourceTree = "<group>";
		};
		989CE4B6200E93A700BD42D7 /* Restaurants */ = {
			isa = PBXGroup;
			children = (
				98F6266E20024ED800996A91 /* Restaurant.swift */,
				989CE4AE200E8E0000BD42D7 /* RestaurantRating.swift */,
				9847CAE8202F36EA00FAC5B6 /* RestaurantFacet.swift */,
				984B7124200F7F1A00822ADF /* RestaurantAnnotation.swift */,
				98550AA7201928AC006F53A2 /* RestaurantFilterState.swift */,
			);
			path = Restaurants;
			sourceTree = "<group>";
		};
		98D869652008FC3100EC909F /* Partial Modal Controller */ = {
			isa = PBXGroup;
			children = (
				98D869682008FC4300EC909F /* PartialModalTransitionDelegate.swift */,
				98D869662008FC4200EC909F /* PartialModalPresentationController.swift */,
				98D869672008FC4300EC909F /* PartialModalPresentationAnimator.swift */,
				98D86972200901D800EC909F /* PartialModalDismissAnimator.swift */,
			);
			path = "Partial Modal Controller";
			sourceTree = "<group>";
		};
		98F626092002487600996A91 = {
			isa = PBXGroup;
			children = (
				98F626142002487600996A91 /* CulinaryGuide */,
				98F6262B2002487700996A91 /* CulinaryGuideTests */,
				98F626362002487700996A91 /* CulinaryGuideUITests */,
				98F626132002487600996A91 /* Products */,
				989628D52042E0F2004C233B /* Frameworks */,
			);
			sourceTree = "<group>";
		};
		98F626132002487600996A91 /* Products */ = {
			isa = PBXGroup;
			children = (
				98F626122002487600996A91 /* CulinaryGuide.app */,
				98F626282002487700996A91 /* CulinaryGuideTests.xctest */,
				98F626332002487700996A91 /* CulinaryGuideUITests.xctest */,
			);
			name = Products;
			sourceTree = "<group>";
		};
		98F626142002487600996A91 /* CulinaryGuide */ = {
			isa = PBXGroup;
			children = (
				98F626152002487600996A91 /* AppDelegate.swift */,
				98F626232002487700996A91 /* Info.plist */,
				989EA00520178A9D00FB2A95 /* Playground.playground */,
				98F6264820024A3700996A91 /* View Controllers */,
				98F6264720024A1100996A91 /* Views */,
				98F6266420024CCD00996A91 /* Models */,
				98F6265A20024C5300996A91 /* Utils */,
			);
			path = CulinaryGuide;
			sourceTree = "<group>";
		};
		98F6262B2002487700996A91 /* CulinaryGuideTests */ = {
			isa = PBXGroup;
			children = (
				986E8AD3200E6FA100BA57AA /* Models */,
				98F6262C2002487700996A91 /* CulinaryGuideTests.swift */,
				98F6262E2002487700996A91 /* Info.plist */,
			);
			path = CulinaryGuideTests;
			sourceTree = "<group>";
		};
		98F626362002487700996A91 /* CulinaryGuideUITests */ = {
			isa = PBXGroup;
			children = (
				98F626372002487700996A91 /* CulinaryGuideUITests.swift */,
				98F626392002487700996A91 /* Info.plist */,
			);
			path = CulinaryGuideUITests;
			sourceTree = "<group>";
		};
		98F6264720024A1100996A91 /* Views */ = {
			isa = PBXGroup;
			children = (
				98F6261E2002487700996A91 /* Assets.xcassets */,
				98F6261B2002487700996A91 /* Main.storyboard */,
				98F626202002487700996A91 /* LaunchScreen.storyboard */,
				9892E81E200A3CEE007B7033 /* IconTableViewCell.xib */,
				9892E81A200A3BC1007B7033 /* IconTableViewCell.swift */,
				9847A6F7200A4F8300A17247 /* TagCollectionViewCell.xib */,
				9847A6F9200A4FD100A17247 /* TagCollectionViewCell.swift */,
				9847A701200A99C400A17247 /* TagCollectionHeaderView.xib */,
				9847A6FD200A99A400A17247 /* TagCollectionHeaderView.swift */,
				986E8AD1200E6EA200BA57AA /* RatingView.swift */,
				985403AF201B96BA006F7103 /* RatingFilterButton.swift */,
				9847A70D200AB66300A17247 /* AlignedLeftFlowLayout.swift */,
				989936452040CD41003B94C2 /* DetailTitleView.xib */,
				9899364E2040CF0C003B94C2 /* DetailTitleView.swift */,
				98B4A13520487D1B002E30F5 /* DetailTableViewCell.xib */,
				98B4A13420487D1B002E30F5 /* DetailTableViewCell.swift */,
				9847A711200BA5EC00A17247 /* UIBezierPath Tap.playground */,
			);
			path = Views;
			sourceTree = "<group>";
		};
		98F6264820024A3700996A91 /* View Controllers */ = {
			isa = PBXGroup;
			children = (
				988EC326204301EF0076178B /* WhiteNavigationViewController.swift */,
				98D869612008FBE300EC909F /* SplashViewController.swift */,
				98D8694C2007F9C900EC909F /* CountriesViewController.swift */,
				9847A6F3200A4E1200A17247 /* HomeCollectionViewController.swift */,
				984B7119200EAD5200822ADF /* Restaurants */,
			);
			path = "View Controllers";
			sourceTree = "<group>";
		};
		98F6265A20024C5300996A91 /* Utils */ = {
			isa = PBXGroup;
			children = (
				98D869652008FC3100EC909F /* Partial Modal Controller */,
				98F6265B20024C7100996A91 /* AsyncOperation.swift */,
				98D869502007FA7300EC909F /* EnumCollection.swift */,
				98D8698220094E2300EC909F /* UIImageExtensions.swift */,
				9836314F200FD4E1002EBE01 /* ArrayExtensions.swift */,
				98E2D1C52029F7CE00B6D480 /* CALayerExtensions.swift */,
				984DEA522040A2EC00E1A0EB /* Email.swift */,
				9849816A2041BF98001B742F /* UIViewExtensions.swift */,
				981E84CA204211E400835C47 /* CAGradientLayerExtensions.swift */,
				988EC337204355870076178B /* URLExtensions.swift */,
			);
			path = Utils;
			sourceTree = "<group>";
		};
		98F6266320024CB600996A91 /* API */ = {
			isa = PBXGroup;
			children = (
				984B7128200F80A800822ADF /* Environment.swift */,
				98F6264A20024BA500996A91 /* API.swift */,
				98F6266620024D3800996A91 /* APIRequestOperation.swift */,
				98F6265F20024CA900996A91 /* APIResource.swift */,
				98F6264E20024BE400996A91 /* URLQueryToken.swift */,
				98F6265620024C2000996A91 /* Router.swift */,
				984B712C200F80DF00822ADF /* RestaurantRouter.swift */,
			);
			path = API;
			sourceTree = "<group>";
		};
		98F6266420024CCD00996A91 /* Models */ = {
			isa = PBXGroup;
			children = (
				9892E81220095728007B7033 /* UserDefault.swift */,
				98D869322007C62B00EC909F /* Localization.swift */,
				9892E80E2009530A007B7033 /* BrandColor.swift */,
				989CE4B2200E932F00BD42D7 /* Rating.swift */,
				9847CAE6202F35CA00FAC5B6 /* Facet.swift */,
				98F6266A20024EC600996A91 /* PointOfInterest.swift */,
				98F6266320024CB600996A91 /* API */,
				989CE4B6200E93A700BD42D7 /* Restaurants */,
			);
			path = Models;
			sourceTree = "<group>";
		};
/* End PBXGroup section */

/* Begin PBXNativeTarget section */
		98F626112002487600996A91 /* CulinaryGuide */ = {
			isa = PBXNativeTarget;
			buildConfigurationList = 98F6263C2002487700996A91 /* Build configuration list for PBXNativeTarget "CulinaryGuide" */;
			buildPhases = (
				98F6260E2002487600996A91 /* Sources */,
				98F6260F2002487600996A91 /* Frameworks */,
				98F626102002487600996A91 /* Resources */,
				986D146E2048A1AB007029CE /* Embed Frameworks */,
			);
			buildRules = (
			);
			dependencies = (
			);
			name = CulinaryGuide;
			productName = CulinaryGuide;
			productReference = 98F626122002487600996A91 /* CulinaryGuide.app */;
			productType = "com.apple.product-type.application";
		};
		98F626272002487700996A91 /* CulinaryGuideTests */ = {
			isa = PBXNativeTarget;
			buildConfigurationList = 98F6263F2002487700996A91 /* Build configuration list for PBXNativeTarget "CulinaryGuideTests" */;
			buildPhases = (
				98F626242002487700996A91 /* Sources */,
				98F626252002487700996A91 /* Frameworks */,
				98F626262002487700996A91 /* Resources */,
			);
			buildRules = (
			);
			dependencies = (
				98F6262A2002487700996A91 /* PBXTargetDependency */,
			);
			name = CulinaryGuideTests;
			productName = CulinaryGuideTests;
			productReference = 98F626282002487700996A91 /* CulinaryGuideTests.xctest */;
			productType = "com.apple.product-type.bundle.unit-test";
		};
		98F626322002487700996A91 /* CulinaryGuideUITests */ = {
			isa = PBXNativeTarget;
			buildConfigurationList = 98F626422002487700996A91 /* Build configuration list for PBXNativeTarget "CulinaryGuideUITests" */;
			buildPhases = (
				98F6262F2002487700996A91 /* Sources */,
				98F626302002487700996A91 /* Frameworks */,
				98F626312002487700996A91 /* Resources */,
			);
			buildRules = (
			);
			dependencies = (
				98F626352002487700996A91 /* PBXTargetDependency */,
			);
			name = CulinaryGuideUITests;
			productName = CulinaryGuideUITests;
			productReference = 98F626332002487700996A91 /* CulinaryGuideUITests.xctest */;
			productType = "com.apple.product-type.bundle.ui-testing";
		};
/* End PBXNativeTarget section */

/* Begin PBXProject section */
		98F6260A2002487600996A91 /* Project object */ = {
			isa = PBXProject;
			attributes = {
				CLASSPREFIX = "";
				LastSwiftUpdateCheck = 0920;
				LastUpgradeCheck = 0930;
				ORGANIZATIONNAME = "Benke Zsolt";
				TargetAttributes = {
					98F626112002487600996A91 = {
						CreatedOnToolsVersion = 9.2;
						LastSwiftMigration = 0930;
						ProvisioningStyle = Automatic;
					};
					98F626272002487700996A91 = {
						CreatedOnToolsVersion = 9.2;
						ProvisioningStyle = Automatic;
						TestTargetID = 98F626112002487600996A91;
					};
					98F626322002487700996A91 = {
						CreatedOnToolsVersion = 9.2;
						LastSwiftMigration = 0930;
						ProvisioningStyle = Automatic;
						TestTargetID = 98F626112002487600996A91;
					};
				};
			};
			buildConfigurationList = 98F6260D2002487600996A91 /* Build configuration list for PBXProject "CulinaryGuide" */;
			compatibilityVersion = "Xcode 8.0";
			developmentRegion = hu;
			hasScannedForEncodings = 0;
			knownRegions = (
				Base,
			);
			mainGroup = 98F626092002487600996A91;
			productRefGroup = 98F626132002487600996A91 /* Products */;
			projectDirPath = "";
			projectRoot = "";
			targets = (
				98F626112002487600996A91 /* CulinaryGuide */,
				98F626272002487700996A91 /* CulinaryGuideTests */,
				98F626322002487700996A91 /* CulinaryGuideUITests */,
			);
		};
/* End PBXProject section */

/* Begin PBXResourcesBuildPhase section */
		98F626102002487600996A91 /* Resources */ = {
			isa = PBXResourcesBuildPhase;
			buildActionMask = 2147483647;
			files = (
				98F626222002487700996A91 /* LaunchScreen.storyboard in Resources */,
				98F6261F2002487700996A91 /* Assets.xcassets in Resources */,
				9847A6F8200A4F8300A17247 /* TagCollectionViewCell.xib in Resources */,
				989936462040CD41003B94C2 /* DetailTitleView.xib in Resources */,
				9847A702200A99C400A17247 /* TagCollectionHeaderView.xib in Resources */,
				9892E81F200A3CEE007B7033 /* IconTableViewCell.xib in Resources */,
				98B4A13720487D1B002E30F5 /* DetailTableViewCell.xib in Resources */,
				98F6261D2002487700996A91 /* Main.storyboard in Resources */,
			);
			runOnlyForDeploymentPostprocessing = 0;
		};
		98F626262002487700996A91 /* Resources */ = {
			isa = PBXResourcesBuildPhase;
			buildActionMask = 2147483647;
			files = (
				9892E820200A3CEE007B7033 /* IconTableViewCell.xib in Resources */,
				9847A703200A99C400A17247 /* TagCollectionHeaderView.xib in Resources */,
			);
			runOnlyForDeploymentPostprocessing = 0;
		};
		98F626312002487700996A91 /* Resources */ = {
			isa = PBXResourcesBuildPhase;
			buildActionMask = 2147483647;
			files = (
				9892E821200A3CEE007B7033 /* IconTableViewCell.xib in Resources */,
				9847A704200A99C400A17247 /* TagCollectionHeaderView.xib in Resources */,
				989936472040CD41003B94C2 /* DetailTitleView.xib in Resources */,
			);
			runOnlyForDeploymentPostprocessing = 0;
		};
/* End PBXResourcesBuildPhase section */

/* Begin PBXSourcesBuildPhase section */
		98F6260E2002487600996A91 /* Sources */ = {
			isa = PBXSourcesBuildPhase;
			buildActionMask = 2147483647;
			files = (
				9847CAE9202F36EA00FAC5B6 /* RestaurantFacet.swift in Sources */,
				988EC338204355870076178B /* URLExtensions.swift in Sources */,
				98F6264F20024BE400996A91 /* URLQueryToken.swift in Sources */,
				98E2D1C62029F7CE00B6D480 /* CALayerExtensions.swift in Sources */,
				98D8694D2007F9C900EC909F /* CountriesViewController.swift in Sources */,
				9849816B2041BF98001B742F /* UIViewExtensions.swift in Sources */,
				989CE4AF200E8E0000BD42D7 /* RestaurantRating.swift in Sources */,
				98F6266B20024EC600996A91 /* PointOfInterest.swift in Sources */,
				98F6265720024C2000996A91 /* Router.swift in Sources */,
				98F626182002487600996A91 /* RestaurantsViewController.swift in Sources */,
				98550AA8201928AC006F53A2 /* RestaurantFilterState.swift in Sources */,
				9847A6F4200A4E1200A17247 /* HomeCollectionViewController.swift in Sources */,
				98D869692008FC4300EC909F /* PartialModalPresentationController.swift in Sources */,
				98F6266020024CA900996A91 /* APIResource.swift in Sources */,
				9892E81B200A3BC1007B7033 /* IconTableViewCell.swift in Sources */,
				98D8698320094E2300EC909F /* UIImageExtensions.swift in Sources */,
				9899364F2040CF0C003B94C2 /* DetailTitleView.swift in Sources */,
				98F6264B20024BA500996A91 /* API.swift in Sources */,
				9847A70E200AB66300A17247 /* AlignedLeftFlowLayout.swift in Sources */,
				984B7129200F80A800822ADF /* Environment.swift in Sources */,
				9892E80F2009530A007B7033 /* BrandColor.swift in Sources */,
				98135E332005477500AB64C4 /* RestaurantsTableViewController.swift in Sources */,
				98D8696F2008FC4300EC909F /* PartialModalTransitionDelegate.swift in Sources */,
				98D86973200901D800EC909F /* PartialModalDismissAnimator.swift in Sources */,
				98D869512007FA7300EC909F /* EnumCollection.swift in Sources */,
				98D869332007C62B00EC909F /* Localization.swift in Sources */,
				9847A6FE200A99A400A17247 /* TagCollectionHeaderView.swift in Sources */,
				984B7125200F7F1A00822ADF /* RestaurantAnnotation.swift in Sources */,
				98135E372005592500AB64C4 /* RestaurantsMapViewController.swift in Sources */,
				984B712D200F80DF00822ADF /* RestaurantRouter.swift in Sources */,
				98B4A13620487D1B002E30F5 /* DetailTableViewCell.swift in Sources */,
				98F6267320026CED00996A91 /* RestaurantDetailViewController.swift in Sources */,
				98F6266720024D3800996A91 /* APIRequestOperation.swift in Sources */,
				986E8AD2200E6EA200BA57AA /* RatingView.swift in Sources */,
				98F6266F20024ED800996A91 /* Restaurant.swift in Sources */,
				989CE4B3200E932F00BD42D7 /* Rating.swift in Sources */,
				98D869622008FBE300EC909F /* SplashViewController.swift in Sources */,
				985403B0201B96BA006F7103 /* RatingFilterButton.swift in Sources */,
				98363150200FD4E1002EBE01 /* ArrayExtensions.swift in Sources */,
				98C8DFBA2003CE1D00BE568C /* RestaurantFilterViewController.swift in Sources */,
				9892E81320095728007B7033 /* UserDefault.swift in Sources */,
				98F6265C20024C7100996A91 /* AsyncOperation.swift in Sources */,
				9847CAE7202F35CA00FAC5B6 /* Facet.swift in Sources */,
				984DEA532040A2EC00E1A0EB /* Email.swift in Sources */,
				9847A6FA200A4FD100A17247 /* TagCollectionViewCell.swift in Sources */,
				98F626162002487600996A91 /* AppDelegate.swift in Sources */,
				98D8696C2008FC4300EC909F /* PartialModalPresentationAnimator.swift in Sources */,
				981E84CB204211E400835C47 /* CAGradientLayerExtensions.swift in Sources */,
				988EC327204301EF0076178B /* WhiteNavigationViewController.swift in Sources */,
			);
			runOnlyForDeploymentPostprocessing = 0;
		};
		98F626242002487700996A91 /* Sources */ = {
			isa = PBXSourcesBuildPhase;
			buildActionMask = 2147483647;
			files = (
				986E8AD5200E6FBF00BA57AA /* RestaurantRatingTests.swift in Sources */,
				984B7126200F7F1A00822ADF /* RestaurantAnnotation.swift in Sources */,
				98363151200FD4E1002EBE01 /* ArrayExtensions.swift in Sources */,
				9847CAEA202F36EA00FAC5B6 /* RestaurantFacet.swift in Sources */,
				9847CAEF202F3B9100FAC5B6 /* RestaurantFacetTests.swift in Sources */,
				98F6267020024ED800996A91 /* Restaurant.swift in Sources */,
				984B712E200F80DF00822ADF /* RestaurantRouter.swift in Sources */,
				98D8694E2007F9C900EC909F /* CountriesViewController.swift in Sources */,
				98C8DFBB2003CE1D00BE568C /* RestaurantFilterViewController.swift in Sources */,
				98F6266820024D3800996A91 /* APIRequestOperation.swift in Sources */,
				98F6267420026CED00996A91 /* RestaurantDetailViewController.swift in Sources */,
				9847A6F5200A4E5600A17247 /* HomeCollectionViewController.swift in Sources */,
				984B7123200F7D1B00822ADF /* PointOfInterest.swift in Sources */,
				98D8696A2008FC4300EC909F /* PartialModalPresentationController.swift in Sources */,
				984DEA542040A2EC00E1A0EB /* Email.swift in Sources */,
				9892E81C200A3BC1007B7033 /* IconTableViewCell.swift in Sources */,
				98D8698420094E2300EC909F /* UIImageExtensions.swift in Sources */,
				98F6264C20024BA500996A91 /* API.swift in Sources */,
				984B711B200F7D0F00822ADF /* UserDefault.swift in Sources */,
				985403B1201B96BA006F7103 /* RatingFilterButton.swift in Sources */,
				9847A70F200AB66300A17247 /* AlignedLeftFlowLayout.swift in Sources */,
				98550AA9201928AC006F53A2 /* RestaurantFilterState.swift in Sources */,
				98E2D1C72029FA9100B6D480 /* CALayerExtensions.swift in Sources */,
				98135E342005477500AB64C4 /* RestaurantsTableViewController.swift in Sources */,
				98D869702008FC4300EC909F /* PartialModalTransitionDelegate.swift in Sources */,
				98D86974200901D800EC909F /* PartialModalDismissAnimator.swift in Sources */,
				9847CAF1202F3D0400FAC5B6 /* Facet.swift in Sources */,
				98D869522007FA7300EC909F /* EnumCollection.swift in Sources */,
				984B7121200F7D1B00822ADF /* BrandColor.swift in Sources */,
				9847A6FF200A99A400A17247 /* TagCollectionHeaderView.swift in Sources */,
				98135E382005592500AB64C4 /* RestaurantsMapViewController.swift in Sources */,
				98F6265820024C2000996A91 /* Router.swift in Sources */,
				98F6262D2002487700996A91 /* CulinaryGuideTests.swift in Sources */,
				988EC328204304FB0076178B /* WhiteNavigationViewController.swift in Sources */,
				983A7FF02003E66C00512ED5 /* RestaurantsViewController.swift in Sources */,
				9847CAE5202E512C00FAC5B6 /* RestaurantRouterTests.swift in Sources */,
				984B711D200F7D1B00822ADF /* Localization.swift in Sources */,
				98D869632008FBE300EC909F /* SplashViewController.swift in Sources */,
				98F6266120024CA900996A91 /* APIResource.swift in Sources */,
				989CE4B0200E8E0000BD42D7 /* RestaurantRating.swift in Sources */,
				984B712A200F80A800822ADF /* Environment.swift in Sources */,
				984B711F200F7D1B00822ADF /* Rating.swift in Sources */,
				98F6265D20024C7100996A91 /* AsyncOperation.swift in Sources */,
				9847A6FB200A501D00A17247 /* TagCollectionViewCell.swift in Sources */,
				986E8AD6200E708400BA57AA /* RatingView.swift in Sources */,
				98F6265020024BE400996A91 /* URLQueryToken.swift in Sources */,
				98D8696D2008FC4300EC909F /* PartialModalPresentationAnimator.swift in Sources */,
			);
			runOnlyForDeploymentPostprocessing = 0;
		};
		98F6262F2002487700996A91 /* Sources */ = {
			isa = PBXSourcesBuildPhase;
			buildActionMask = 2147483647;
			files = (
				98F6267120024ED800996A91 /* Restaurant.swift in Sources */,
				988EC329204304FB0076178B /* WhiteNavigationViewController.swift in Sources */,
				98E2D1C82029FA9200B6D480 /* CALayerExtensions.swift in Sources */,
				98D8694F2007F9C900EC909F /* CountriesViewController.swift in Sources */,
				984B711C200F7D1B00822ADF /* Localization.swift in Sources */,
				984B711A200F7D0F00822ADF /* UserDefault.swift in Sources */,
				989CE4B1200E901600BD42D7 /* RestaurantRating.swift in Sources */,
				98C8DFBC2003CE1D00BE568C /* RestaurantFilterViewController.swift in Sources */,
				98550AAA201928AC006F53A2 /* RestaurantFilterState.swift in Sources */,
				98F6266920024D3800996A91 /* APIRequestOperation.swift in Sources */,
				98F6267520026CED00996A91 /* RestaurantDetailViewController.swift in Sources */,
				9847A6F6200A4E5600A17247 /* HomeCollectionViewController.swift in Sources */,
				98D8696B2008FC4300EC909F /* PartialModalPresentationController.swift in Sources */,
				9892E81D200A3BC1007B7033 /* IconTableViewCell.swift in Sources */,
				98D8698520094E2300EC909F /* UIImageExtensions.swift in Sources */,
				989936502040CF0C003B94C2 /* DetailTitleView.swift in Sources */,
				984B711E200F7D1B00822ADF /* Rating.swift in Sources */,
				984B712B200F80A800822ADF /* Environment.swift in Sources */,
				98F6264D20024BA500996A91 /* API.swift in Sources */,
				9847A710200AB66300A17247 /* AlignedLeftFlowLayout.swift in Sources */,
				986E8AD7200E72E700BA57AA /* RatingView.swift in Sources */,
				98135E352005477500AB64C4 /* RestaurantsTableViewController.swift in Sources */,
				9847CAEB202F36EA00FAC5B6 /* RestaurantFacet.swift in Sources */,
				98D869712008FC4300EC909F /* PartialModalTransitionDelegate.swift in Sources */,
				98D86975200901D800EC909F /* PartialModalDismissAnimator.swift in Sources */,
				98D869532007FA7300EC909F /* EnumCollection.swift in Sources */,
				984B7127200F7F1A00822ADF /* RestaurantAnnotation.swift in Sources */,
				9847A700200A99A400A17247 /* TagCollectionHeaderView.swift in Sources */,
				984B712F200F80DF00822ADF /* RestaurantRouter.swift in Sources */,
				984B7122200F7D1B00822ADF /* PointOfInterest.swift in Sources */,
				98135E392005592500AB64C4 /* RestaurantsMapViewController.swift in Sources */,
				98F6265920024C2000996A91 /* Router.swift in Sources */,
				98F626382002487700996A91 /* CulinaryGuideUITests.swift in Sources */,
				983A7FF12003E66C00512ED5 /* RestaurantsViewController.swift in Sources */,
				9847CAF2202F3D0500FAC5B6 /* Facet.swift in Sources */,
				98D869642008FBE300EC909F /* SplashViewController.swift in Sources */,
				985403B2201B96BA006F7103 /* RatingFilterButton.swift in Sources */,
				98363152200FD4E1002EBE01 /* ArrayExtensions.swift in Sources */,
				984B7120200F7D1B00822ADF /* BrandColor.swift in Sources */,
				98F6266220024CA900996A91 /* APIResource.swift in Sources */,
				98F6265E20024C7100996A91 /* AsyncOperation.swift in Sources */,
				984DEA552040A2EC00E1A0EB /* Email.swift in Sources */,
				9847A6FC200A501D00A17247 /* TagCollectionViewCell.swift in Sources */,
				98F6265120024BE400996A91 /* URLQueryToken.swift in Sources */,
				98D8696E2008FC4300EC909F /* PartialModalPresentationAnimator.swift in Sources */,
			);
			runOnlyForDeploymentPostprocessing = 0;
		};
/* End PBXSourcesBuildPhase section */

/* Begin PBXTargetDependency section */
		98F6262A2002487700996A91 /* PBXTargetDependency */ = {
			isa = PBXTargetDependency;
			target = 98F626112002487600996A91 /* CulinaryGuide */;
			targetProxy = 98F626292002487700996A91 /* PBXContainerItemProxy */;
		};
		98F626352002487700996A91 /* PBXTargetDependency */ = {
			isa = PBXTargetDependency;
			target = 98F626112002487600996A91 /* CulinaryGuide */;
			targetProxy = 98F626342002487700996A91 /* PBXContainerItemProxy */;
		};
/* End PBXTargetDependency section */

/* Begin PBXVariantGroup section */
		98F6261B2002487700996A91 /* Main.storyboard */ = {
			isa = PBXVariantGroup;
			children = (
				9847A71A200BA85700A17247 /* Base */,
			);
			name = Main.storyboard;
			sourceTree = "<group>";
		};
		98F626202002487700996A91 /* LaunchScreen.storyboard */ = {
			isa = PBXVariantGroup;
			children = (
				9847A71B200BA85700A17247 /* Base */,
			);
			name = LaunchScreen.storyboard;
			sourceTree = "<group>";
		};
/* End PBXVariantGroup section */

/* Begin XCBuildConfiguration section */
		98F6263A2002487700996A91 /* Debug */ = {
			isa = XCBuildConfiguration;
			buildSettings = {
				ALWAYS_SEARCH_USER_PATHS = NO;
				CLANG_ANALYZER_LOCALIZABILITY_NONLOCALIZED = YES;
				CLANG_ANALYZER_NONNULL = YES;
				CLANG_ANALYZER_NUMBER_OBJECT_CONVERSION = YES_AGGRESSIVE;
				CLANG_CXX_LANGUAGE_STANDARD = "gnu++14";
				CLANG_CXX_LIBRARY = "libc++";
				CLANG_ENABLE_MODULES = YES;
				CLANG_ENABLE_OBJC_ARC = YES;
				CLANG_WARN_BLOCK_CAPTURE_AUTORELEASING = YES;
				CLANG_WARN_BOOL_CONVERSION = YES;
				CLANG_WARN_COMMA = YES;
				CLANG_WARN_CONSTANT_CONVERSION = YES;
				CLANG_WARN_DEPRECATED_OBJC_IMPLEMENTATIONS = YES;
				CLANG_WARN_DIRECT_OBJC_ISA_USAGE = YES_ERROR;
				CLANG_WARN_DOCUMENTATION_COMMENTS = YES;
				CLANG_WARN_EMPTY_BODY = YES;
				CLANG_WARN_ENUM_CONVERSION = YES;
				CLANG_WARN_INFINITE_RECURSION = YES;
				CLANG_WARN_INT_CONVERSION = YES;
				CLANG_WARN_NON_LITERAL_NULL_CONVERSION = YES;
				CLANG_WARN_OBJC_IMPLICIT_RETAIN_SELF = YES;
				CLANG_WARN_OBJC_LITERAL_CONVERSION = YES;
				CLANG_WARN_OBJC_ROOT_CLASS = YES_ERROR;
				CLANG_WARN_RANGE_LOOP_ANALYSIS = YES;
				CLANG_WARN_STRICT_PROTOTYPES = YES;
				CLANG_WARN_SUSPICIOUS_MOVE = YES;
				CLANG_WARN_UNGUARDED_AVAILABILITY = YES_AGGRESSIVE;
				CLANG_WARN_UNREACHABLE_CODE = YES;
				CLANG_WARN__DUPLICATE_METHOD_MATCH = YES;
				CODE_SIGN_IDENTITY = "iPhone Developer";
				COPY_PHASE_STRIP = NO;
				DEBUG_INFORMATION_FORMAT = dwarf;
				ENABLE_STRICT_OBJC_MSGSEND = YES;
				ENABLE_TESTABILITY = YES;
				GCC_C_LANGUAGE_STANDARD = gnu11;
				GCC_DYNAMIC_NO_PIC = NO;
				GCC_NO_COMMON_BLOCKS = YES;
				GCC_OPTIMIZATION_LEVEL = 0;
				GCC_PREPROCESSOR_DEFINITIONS = (
					"DEBUG=1",
					"$(inherited)",
				);
				GCC_WARN_64_TO_32_BIT_CONVERSION = YES;
				GCC_WARN_ABOUT_RETURN_TYPE = YES_ERROR;
				GCC_WARN_UNDECLARED_SELECTOR = YES;
				GCC_WARN_UNINITIALIZED_AUTOS = YES_AGGRESSIVE;
				GCC_WARN_UNUSED_FUNCTION = YES;
				GCC_WARN_UNUSED_VARIABLE = YES;
				IPHONEOS_DEPLOYMENT_TARGET = 11.2;
				MTL_ENABLE_DEBUG_INFO = YES;
				ONLY_ACTIVE_ARCH = YES;
				SDKROOT = iphoneos;
				SWIFT_ACTIVE_COMPILATION_CONDITIONS = DEBUG;
				SWIFT_OPTIMIZATION_LEVEL = "-Onone";
			};
			name = Debug;
		};
		98F6263B2002487700996A91 /* Release */ = {
			isa = XCBuildConfiguration;
			buildSettings = {
				ALWAYS_SEARCH_USER_PATHS = NO;
				CLANG_ANALYZER_LOCALIZABILITY_NONLOCALIZED = YES;
				CLANG_ANALYZER_NONNULL = YES;
				CLANG_ANALYZER_NUMBER_OBJECT_CONVERSION = YES_AGGRESSIVE;
				CLANG_CXX_LANGUAGE_STANDARD = "gnu++14";
				CLANG_CXX_LIBRARY = "libc++";
				CLANG_ENABLE_MODULES = YES;
				CLANG_ENABLE_OBJC_ARC = YES;
				CLANG_WARN_BLOCK_CAPTURE_AUTORELEASING = YES;
				CLANG_WARN_BOOL_CONVERSION = YES;
				CLANG_WARN_COMMA = YES;
				CLANG_WARN_CONSTANT_CONVERSION = YES;
				CLANG_WARN_DEPRECATED_OBJC_IMPLEMENTATIONS = YES;
				CLANG_WARN_DIRECT_OBJC_ISA_USAGE = YES_ERROR;
				CLANG_WARN_DOCUMENTATION_COMMENTS = YES;
				CLANG_WARN_EMPTY_BODY = YES;
				CLANG_WARN_ENUM_CONVERSION = YES;
				CLANG_WARN_INFINITE_RECURSION = YES;
				CLANG_WARN_INT_CONVERSION = YES;
				CLANG_WARN_NON_LITERAL_NULL_CONVERSION = YES;
				CLANG_WARN_OBJC_IMPLICIT_RETAIN_SELF = YES;
				CLANG_WARN_OBJC_LITERAL_CONVERSION = YES;
				CLANG_WARN_OBJC_ROOT_CLASS = YES_ERROR;
				CLANG_WARN_RANGE_LOOP_ANALYSIS = YES;
				CLANG_WARN_STRICT_PROTOTYPES = YES;
				CLANG_WARN_SUSPICIOUS_MOVE = YES;
				CLANG_WARN_UNGUARDED_AVAILABILITY = YES_AGGRESSIVE;
				CLANG_WARN_UNREACHABLE_CODE = YES;
				CLANG_WARN__DUPLICATE_METHOD_MATCH = YES;
				CODE_SIGN_IDENTITY = "iPhone Developer";
				COPY_PHASE_STRIP = NO;
				DEBUG_INFORMATION_FORMAT = "dwarf-with-dsym";
				ENABLE_NS_ASSERTIONS = NO;
				ENABLE_STRICT_OBJC_MSGSEND = YES;
				GCC_C_LANGUAGE_STANDARD = gnu11;
				GCC_NO_COMMON_BLOCKS = YES;
				GCC_WARN_64_TO_32_BIT_CONVERSION = YES;
				GCC_WARN_ABOUT_RETURN_TYPE = YES_ERROR;
				GCC_WARN_UNDECLARED_SELECTOR = YES;
				GCC_WARN_UNINITIALIZED_AUTOS = YES_AGGRESSIVE;
				GCC_WARN_UNUSED_FUNCTION = YES;
				GCC_WARN_UNUSED_VARIABLE = YES;
				IPHONEOS_DEPLOYMENT_TARGET = 11.2;
				MTL_ENABLE_DEBUG_INFO = NO;
				SDKROOT = iphoneos;
				SWIFT_OPTIMIZATION_LEVEL = "-Owholemodule";
				VALIDATE_PRODUCT = YES;
			};
			name = Release;
		};
		98F6263D2002487700996A91 /* Debug */ = {
			isa = XCBuildConfiguration;
			buildSettings = {
				ASSETCATALOG_COMPILER_APPICON_NAME = AppIcon;
				CLANG_ENABLE_MODULES = YES;
				CLANG_ENABLE_OBJC_WEAK = YES;
				CODE_SIGN_STYLE = Automatic;
				DEVELOPMENT_TEAM = WBFWJRBGVH;
				FRAMEWORK_SEARCH_PATHS = (
					"$(inherited)",
					"$(PROJECT_DIR)/Carthage/Build/iOS",
				);
				INFOPLIST_FILE = CulinaryGuide/Info.plist;
				LD_RUNPATH_SEARCH_PATHS = "$(inherited) @executable_path/Frameworks";
				PRODUCT_BUNDLE_IDENTIFIER = com.enfys.RestaurantsGuide;
				PRODUCT_NAME = "$(TARGET_NAME)";
				SWIFT_OBJC_BRIDGING_HEADER = "";
				SWIFT_OPTIMIZATION_LEVEL = "-Onone";
				SWIFT_VERSION = 4.0;
				TARGETED_DEVICE_FAMILY = 1;
			};
			name = Debug;
		};
		98F6263E2002487700996A91 /* Release */ = {
			isa = XCBuildConfiguration;
			buildSettings = {
				ASSETCATALOG_COMPILER_APPICON_NAME = AppIcon;
				CLANG_ENABLE_MODULES = YES;
				CLANG_ENABLE_OBJC_WEAK = YES;
				CODE_SIGN_STYLE = Automatic;
				DEVELOPMENT_TEAM = WBFWJRBGVH;
				FRAMEWORK_SEARCH_PATHS = (
					"$(inherited)",
					"$(PROJECT_DIR)/Carthage/Build/iOS",
				);
				INFOPLIST_FILE = CulinaryGuide/Info.plist;
				LD_RUNPATH_SEARCH_PATHS = "$(inherited) @executable_path/Frameworks";
				PRODUCT_BUNDLE_IDENTIFIER = com.enfys.RestaurantsGuide;
				PRODUCT_NAME = "$(TARGET_NAME)";
				SWIFT_OBJC_BRIDGING_HEADER = "";
				SWIFT_VERSION = 4.0;
				TARGETED_DEVICE_FAMILY = 1;
			};
			name = Release;
		};
		98F626402002487700996A91 /* Debug */ = {
			isa = XCBuildConfiguration;
			buildSettings = {
				ALWAYS_EMBED_SWIFT_STANDARD_LIBRARIES = YES;
				BUNDLE_LOADER = "$(TEST_HOST)";
				CLANG_ENABLE_OBJC_WEAK = YES;
				CODE_SIGN_STYLE = Automatic;
				DEVELOPMENT_TEAM = 7PVPPBLE8V;
				INFOPLIST_FILE = CulinaryGuideTests/Info.plist;
				LD_RUNPATH_SEARCH_PATHS = "$(inherited) @executable_path/Frameworks @loader_path/Frameworks";
				PRODUCT_BUNDLE_IDENTIFIER = io.decoding.CulinaryGuideTests;
				PRODUCT_NAME = "$(TARGET_NAME)";
				SWIFT_VERSION = 4.0;
				TARGETED_DEVICE_FAMILY = "1,2";
				TEST_HOST = "$(BUILT_PRODUCTS_DIR)/CulinaryGuide.app/CulinaryGuide";
			};
			name = Debug;
		};
		98F626412002487700996A91 /* Release */ = {
			isa = XCBuildConfiguration;
			buildSettings = {
				ALWAYS_EMBED_SWIFT_STANDARD_LIBRARIES = YES;
				BUNDLE_LOADER = "$(TEST_HOST)";
				CLANG_ENABLE_OBJC_WEAK = YES;
				CODE_SIGN_STYLE = Automatic;
				DEVELOPMENT_TEAM = 7PVPPBLE8V;
				INFOPLIST_FILE = CulinaryGuideTests/Info.plist;
				LD_RUNPATH_SEARCH_PATHS = "$(inherited) @executable_path/Frameworks @loader_path/Frameworks";
				PRODUCT_BUNDLE_IDENTIFIER = io.decoding.CulinaryGuideTests;
				PRODUCT_NAME = "$(TARGET_NAME)";
				SWIFT_VERSION = 4.0;
				TARGETED_DEVICE_FAMILY = "1,2";
				TEST_HOST = "$(BUILT_PRODUCTS_DIR)/CulinaryGuide.app/CulinaryGuide";
			};
			name = Release;
		};
		98F626432002487700996A91 /* Debug */ = {
			isa = XCBuildConfiguration;
			buildSettings = {
				ALWAYS_EMBED_SWIFT_STANDARD_LIBRARIES = YES;
				CLANG_ENABLE_MODULES = YES;
				CLANG_ENABLE_OBJC_WEAK = YES;
				CODE_SIGN_STYLE = Automatic;
				DEVELOPMENT_TEAM = 7PVPPBLE8V;
				INFOPLIST_FILE = CulinaryGuideUITests/Info.plist;
				LD_RUNPATH_SEARCH_PATHS = "$(inherited) @executable_path/Frameworks @loader_path/Frameworks";
				PRODUCT_BUNDLE_IDENTIFIER = io.decoding.CulinaryGuideUITests;
				PRODUCT_NAME = "$(TARGET_NAME)";
				SWIFT_OBJC_BRIDGING_HEADER = "CulinaryGuide/Views/CulinaryGuideUITests-Bridging-Header.h";
				SWIFT_OPTIMIZATION_LEVEL = "-Onone";
				SWIFT_VERSION = 4.0;
				TARGETED_DEVICE_FAMILY = "1,2";
				TEST_TARGET_NAME = CulinaryGuide;
			};
			name = Debug;
		};
		98F626442002487700996A91 /* Release */ = {
			isa = XCBuildConfiguration;
			buildSettings = {
				ALWAYS_EMBED_SWIFT_STANDARD_LIBRARIES = YES;
				CLANG_ENABLE_MODULES = YES;
				CLANG_ENABLE_OBJC_WEAK = YES;
				CODE_SIGN_STYLE = Automatic;
				DEVELOPMENT_TEAM = 7PVPPBLE8V;
				INFOPLIST_FILE = CulinaryGuideUITests/Info.plist;
				LD_RUNPATH_SEARCH_PATHS = "$(inherited) @executable_path/Frameworks @loader_path/Frameworks";
				PRODUCT_BUNDLE_IDENTIFIER = io.decoding.CulinaryGuideUITests;
				PRODUCT_NAME = "$(TARGET_NAME)";
				SWIFT_OBJC_BRIDGING_HEADER = "CulinaryGuide/Views/CulinaryGuideUITests-Bridging-Header.h";
				SWIFT_VERSION = 4.0;
				TARGETED_DEVICE_FAMILY = "1,2";
				TEST_TARGET_NAME = CulinaryGuide;
			};
			name = Release;
		};
/* End XCBuildConfiguration section */

/* Begin XCConfigurationList section */
		98F6260D2002487600996A91 /* Build configuration list for PBXProject "CulinaryGuide" */ = {
			isa = XCConfigurationList;
			buildConfigurations = (
				98F6263A2002487700996A91 /* Debug */,
				98F6263B2002487700996A91 /* Release */,
			);
			defaultConfigurationIsVisible = 0;
			defaultConfigurationName = Release;
		};
		98F6263C2002487700996A91 /* Build configuration list for PBXNativeTarget "CulinaryGuide" */ = {
			isa = XCConfigurationList;
			buildConfigurations = (
				98F6263D2002487700996A91 /* Debug */,
				98F6263E2002487700996A91 /* Release */,
			);
			defaultConfigurationIsVisible = 0;
			defaultConfigurationName = Release;
		};
		98F6263F2002487700996A91 /* Build configuration list for PBXNativeTarget "CulinaryGuideTests" */ = {
			isa = XCConfigurationList;
			buildConfigurations = (
				98F626402002487700996A91 /* Debug */,
				98F626412002487700996A91 /* Release */,
			);
			defaultConfigurationIsVisible = 0;
			defaultConfigurationName = Release;
		};
		98F626422002487700996A91 /* Build configuration list for PBXNativeTarget "CulinaryGuideUITests" */ = {
			isa = XCConfigurationList;
			buildConfigurations = (
				98F626432002487700996A91 /* Debug */,
				98F626442002487700996A91 /* Release */,
			);
			defaultConfigurationIsVisible = 0;
			defaultConfigurationName = Release;
		};
/* End XCConfigurationList section */
	};
	rootObject = 98F6260A2002487600996A91 /* Project object */;
}
